// !$*UTF8*$!
{
	archiveVersion = 1;
	classes = {
	};
	objectVersion = 55;
	objects = {

/* Begin PBXBuildFile section */
		60161571288053E3007B83FF /* Model.swift in Sources */ = {isa = PBXBuildFile; fileRef = 60161570288053E3007B83FF /* Model.swift */; };
		60A5FC59287F82D600E8507D /* AppDelegate.swift in Sources */ = {isa = PBXBuildFile; fileRef = 60A5FC58287F82D600E8507D /* AppDelegate.swift */; };
		60A5FC5B287F82D600E8507D /* SceneDelegate.swift in Sources */ = {isa = PBXBuildFile; fileRef = 60A5FC5A287F82D600E8507D /* SceneDelegate.swift */; };
		60A5FC5D287F82D600E8507D /* MainVC.swift in Sources */ = {isa = PBXBuildFile; fileRef = 60A5FC5C287F82D600E8507D /* MainVC.swift */; };
		60A5FC60287F82D700E8507D /* Main.storyboard in Resources */ = {isa = PBXBuildFile; fileRef = 60A5FC5E287F82D700E8507D /* Main.storyboard */; };
		60A5FC62287F82D900E8507D /* Assets.xcassets in Resources */ = {isa = PBXBuildFile; fileRef = 60A5FC61287F82D900E8507D /* Assets.xcassets */; };
		60A5FC65287F82D900E8507D /* LaunchScreen.storyboard in Resources */ = {isa = PBXBuildFile; fileRef = 60A5FC63287F82D900E8507D /* LaunchScreen.storyboard */; };
		60B49DDF2884CC8E004817E2 /* lockSound.mp3 in Resources */ = {isa = PBXBuildFile; fileRef = 60B49DDE2884CC8E004817E2 /* lockSound.mp3 */; };
/* End PBXBuildFile section */

/* Begin PBXFileReference section */
		60161570288053E3007B83FF /* Model.swift */ = {isa = PBXFileReference; lastKnownFileType = sourcecode.swift; path = Model.swift; sourceTree = "<group>"; };
		60A5FC55287F82D600E8507D /* Sumarin.app */ = {isa = PBXFileReference; explicitFileType = wrapper.application; includeInIndex = 0; path = Sumarin.app; sourceTree = BUILT_PRODUCTS_DIR; };
		60A5FC58287F82D600E8507D /* AppDelegate.swift */ = {isa = PBXFileReference; lastKnownFileType = sourcecode.swift; path = AppDelegate.swift; sourceTree = "<group>"; };
		60A5FC5A287F82D600E8507D /* SceneDelegate.swift */ = {isa = PBXFileReference; lastKnownFileType = sourcecode.swift; path = SceneDelegate.swift; sourceTree = "<group>"; };
		60A5FC5C287F82D600E8507D /* MainVC.swift */ = {isa = PBXFileReference; lastKnownFileType = sourcecode.swift; path = MainVC.swift; sourceTree = "<group>"; };
		60A5FC5F287F82D700E8507D /* Base */ = {isa = PBXFileReference; lastKnownFileType = file.storyboard; name = Base; path = Base.lproj/Main.storyboard; sourceTree = "<group>"; };
		60A5FC61287F82D900E8507D /* Assets.xcassets */ = {isa = PBXFileReference; lastKnownFileType = folder.assetcatalog; path = Assets.xcassets; sourceTree = "<group>"; };
		60A5FC64287F82D900E8507D /* Base */ = {isa = PBXFileReference; lastKnownFileType = file.storyboard; name = Base; path = Base.lproj/LaunchScreen.storyboard; sourceTree = "<group>"; };
		60A5FC66287F82D900E8507D /* Info.plist */ = {isa = PBXFileReference; lastKnownFileType = text.plist.xml; path = Info.plist; sourceTree = "<group>"; };
		60B49DDE2884CC8E004817E2 /* lockSound.mp3 */ = {isa = PBXFileReference; lastKnownFileType = audio.mp3; path = lockSound.mp3; sourceTree = "<group>"; };
/* End PBXFileReference section */

/* Begin PBXFrameworksBuildPhase section */
		60A5FC52287F82D600E8507D /* Frameworks */ = {
			isa = PBXFrameworksBuildPhase;
			buildActionMask = 2147483647;
			files = (
			);
			runOnlyForDeploymentPostprocessing = 0;
		};
/* End PBXFrameworksBuildPhase section */

/* Begin PBXGroup section */
		60A5FC4C287F82D600E8507D = {
			isa = PBXGroup;
			children = (
				60A5FC57287F82D600E8507D /* Sumarin */,
				60A5FC56287F82D600E8507D /* Products */,
			);
			sourceTree = "<group>";
		};
		60A5FC56287F82D600E8507D /* Products */ = {
			isa = PBXGroup;
			children = (
				60A5FC55287F82D600E8507D /* Sumarin.app */,
			);
			name = Products;
			sourceTree = "<group>";
		};
		60A5FC57287F82D600E8507D /* Sumarin */ = {
			isa = PBXGroup;
			children = (
				60B49E26288610D8004817E2 /* Model */,
				60B49E27288610ED004817E2 /* Controller */,
				60B49E2828861118004817E2 /* View */,
				60A5FC58287F82D600E8507D /* AppDelegate.swift */,
				60A5FC5A287F82D600E8507D /* SceneDelegate.swift */,
				60A5FC61287F82D900E8507D /* Assets.xcassets */,
				60A5FC63287F82D900E8507D /* LaunchScreen.storyboard */,
				60A5FC66287F82D900E8507D /* Info.plist */,
				60B49DDE2884CC8E004817E2 /* lockSound.mp3 */,
			);
			path = Sumarin;
			sourceTree = "<group>";
		};
		60B49E26288610D8004817E2 /* Model */ = {
			isa = PBXGroup;
			children = (
				60161570288053E3007B83FF /* Model.swift */,
			);
			path = Model;
			sourceTree = "<group>";
		};
		60B49E27288610ED004817E2 /* Controller */ = {
			isa = PBXGroup;
			children = (
				60A5FC5C287F82D600E8507D /* MainVC.swift */,
			);
			path = Controller;
			sourceTree = "<group>";
		};
		60B49E2828861118004817E2 /* View */ = {
			isa = PBXGroup;
			children = (
				60A5FC5E287F82D700E8507D /* Main.storyboard */,
			);
			path = View;
			sourceTree = "<group>";
		};
/* End PBXGroup section */

/* Begin PBXNativeTarget section */
		60A5FC54287F82D600E8507D /* Sumarin */ = {
			isa = PBXNativeTarget;
			buildConfigurationList = 60A5FC69287F82D900E8507D /* Build configuration list for PBXNativeTarget "Sumarin" */;
			buildPhases = (
				60A5FC51287F82D600E8507D /* Sources */,
				60A5FC52287F82D600E8507D /* Frameworks */,
				60A5FC53287F82D600E8507D /* Resources */,
			);
			buildRules = (
			);
			dependencies = (
			);
			name = Sumarin;
			productName = Sumarin;
			productReference = 60A5FC55287F82D600E8507D /* Sumarin.app */;
			productType = "com.apple.product-type.application";
		};
/* End PBXNativeTarget section */

/* Begin PBXProject section */
		60A5FC4D287F82D600E8507D /* Project object */ = {
			isa = PBXProject;
			attributes = {
				BuildIndependentTargetsInParallel = 1;
				LastSwiftUpdateCheck = 1340;
				LastUpgradeCheck = 1340;
				TargetAttributes = {
					60A5FC54287F82D600E8507D = {
						CreatedOnToolsVersion = 13.4.1;
					};
				};
			};
			buildConfigurationList = 60A5FC50287F82D600E8507D /* Build configuration list for PBXProject "Sumarin" */;
			compatibilityVersion = "Xcode 13.0";
			developmentRegion = en;
			hasScannedForEncodings = 0;
			knownRegions = (
				en,
				Base,
			);
			mainGroup = 60A5FC4C287F82D600E8507D;
			productRefGroup = 60A5FC56287F82D600E8507D /* Products */;
			projectDirPath = "";
			projectRoot = "";
			targets = (
				60A5FC54287F82D600E8507D /* Sumarin */,
			);
		};
/* End PBXProject section */

/* Begin PBXResourcesBuildPhase section */
		60A5FC53287F82D600E8507D /* Resources */ = {
			isa = PBXResourcesBuildPhase;
			buildActionMask = 2147483647;
			files = (
				60A5FC65287F82D900E8507D /* LaunchScreen.storyboard in Resources */,
				60A5FC62287F82D900E8507D /* Assets.xcassets in Resources */,
				60A5FC60287F82D700E8507D /* Main.storyboard in Resources */,
				60B49DDF2884CC8E004817E2 /* lockSound.mp3 in Resources */,
			);
			runOnlyForDeploymentPostprocessing = 0;
		};
/* End PBXResourcesBuildPhase section */

/* Begin PBXSourcesBuildPhase section */
		60A5FC51287F82D600E8507D /* Sources */ = {
			isa = PBXSourcesBuildPhase;
			buildActionMask = 2147483647;
			files = (
				60A5FC5D287F82D600E8507D /* MainVC.swift in Sources */,
				60A5FC59287F82D600E8507D /* AppDelegate.swift in Sources */,
				60A5FC5B287F82D600E8507D /* SceneDelegate.swift in Sources */,
				60161571288053E3007B83FF /* Model.swift in Sources */,
			);
			runOnlyForDeploymentPostprocessing = 0;
		};
/* End PBXSourcesBuildPhase section */

/* Begin PBXVariantGroup section */
		60A5FC5E287F82D700E8507D /* Main.storyboard */ = {
			isa = PBXVariantGroup;
			children = (
				60A5FC5F287F82D700E8507D /* Base */,
			);
			name = Main.storyboard;
			sourceTree = "<group>";
		};
		60A5FC63287F82D900E8507D /* LaunchScreen.storyboard */ = {
			isa = PBXVariantGroup;
			children = (
				60A5FC64287F82D900E8507D /* Base */,
			);
			name = LaunchScreen.storyboard;
			sourceTree = "<group>";
		};
/* End PBXVariantGroup section */

/* Begin XCBuildConfiguration section */
		60A5FC67287F82D900E8507D /* Debug */ = {
			isa = XCBuildConfiguration;
			buildSettings = {
				ALWAYS_SEARCH_USER_PATHS = NO;
				CLANG_ANALYZER_NONNULL = YES;
				CLANG_ANALYZER_NUMBER_OBJECT_CONVERSION = YES_AGGRESSIVE;
				CLANG_CXX_LANGUAGE_STANDARD = "gnu++17";
				CLANG_ENABLE_MODULES = YES;
				CLANG_ENABLE_OBJC_ARC = YES;
				CLANG_ENABLE_OBJC_WEAK = YES;
				CLANG_WARN_BLOCK_CAPTURE_AUTORELEASING = YES;
				CLANG_WARN_BOOL_CONVERSION = YES;
				CLANG_WARN_COMMA = YES;
				CLANG_WARN_CONSTANT_CONVERSION = YES;
				CLANG_WARN_DEPRECATED_OBJC_IMPLEMENTATIONS = YES;
				CLANG_WARN_DIRECT_OBJC_ISA_USAGE = YES_ERROR;
				CLANG_WARN_DOCUMENTATION_COMMENTS = YES;
				CLANG_WARN_EMPTY_BODY = YES;
				CLANG_WARN_ENUM_CONVERSION = YES;
				CLANG_WARN_INFINITE_RECURSION = YES;
				CLANG_WARN_INT_CONVERSION = YES;
				CLANG_WARN_NON_LITERAL_NULL_CONVERSION = YES;
				CLANG_WARN_OBJC_IMPLICIT_RETAIN_SELF = YES;
				CLANG_WARN_OBJC_LITERAL_CONVERSION = YES;
				CLANG_WARN_OBJC_ROOT_CLASS = YES_ERROR;
				CLANG_WARN_QUOTED_INCLUDE_IN_FRAMEWORK_HEADER = YES;
				CLANG_WARN_RANGE_LOOP_ANALYSIS = YES;
				CLANG_WARN_STRICT_PROTOTYPES = YES;
				CLANG_WARN_SUSPICIOUS_MOVE = YES;
				CLANG_WARN_UNGUARDED_AVAILABILITY = YES_AGGRESSIVE;
				CLANG_WARN_UNREACHABLE_CODE = YES;
				CLANG_WARN__DUPLICATE_METHOD_MATCH = YES;
				COPY_PHASE_STRIP = NO;
				DEBUG_INFORMATION_FORMAT = dwarf;
				ENABLE_STRICT_OBJC_MSGSEND = YES;
				ENABLE_TESTABILITY = YES;
				GCC_C_LANGUAGE_STANDARD = gnu11;
				GCC_DYNAMIC_NO_PIC = NO;
				GCC_NO_COMMON_BLOCKS = YES;
				GCC_OPTIMIZATION_LEVEL = 0;
				GCC_PREPROCESSOR_DEFINITIONS = (
					"DEBUG=1",
					"$(inherited)",
				);
				GCC_WARN_64_TO_32_BIT_CONVERSION = YES;
				GCC_WARN_ABOUT_RETURN_TYPE = YES_ERROR;
				GCC_WARN_UNDECLARED_SELECTOR = YES;
				GCC_WARN_UNINITIALIZED_AUTOS = YES_AGGRESSIVE;
				GCC_WARN_UNUSED_FUNCTION = YES;
				GCC_WARN_UNUSED_VARIABLE = YES;
				IPHONEOS_DEPLOYMENT_TARGET = 15.5;
				MTL_ENABLE_DEBUG_INFO = INCLUDE_SOURCE;
				MTL_FAST_MATH = YES;
				ONLY_ACTIVE_ARCH = YES;
				SDKROOT = iphoneos;
				SWIFT_ACTIVE_COMPILATION_CONDITIONS = DEBUG;
				SWIFT_OPTIMIZATION_LEVEL = "-Onone";
			};
			name = Debug;
		};
		60A5FC68287F82D900E8507D /* Release */ = {
			isa = XCBuildConfiguration;
			buildSettings = {
				ALWAYS_SEARCH_USER_PATHS = NO;
				CLANG_ANALYZER_NONNULL = YES;
				CLANG_ANALYZER_NUMBER_OBJECT_CONVERSION = YES_AGGRESSIVE;
				CLANG_CXX_LANGUAGE_STANDARD = "gnu++17";
				CLANG_ENABLE_MODULES = YES;
				CLANG_ENABLE_OBJC_ARC = YES;
				CLANG_ENABLE_OBJC_WEAK = YES;
				CLANG_WARN_BLOCK_CAPTURE_AUTORELEASING = YES;
				CLANG_WARN_BOOL_CONVERSION = YES;
				CLANG_WARN_COMMA = YES;
				CLANG_WARN_CONSTANT_CONVERSION = YES;
				CLANG_WARN_DEPRECATED_OBJC_IMPLEMENTATIONS = YES;
				CLANG_WARN_DIRECT_OBJC_ISA_USAGE = YES_ERROR;
				CLANG_WARN_DOCUMENTATION_COMMENTS = YES;
				CLANG_WARN_EMPTY_BODY = YES;
				CLANG_WARN_ENUM_CONVERSION = YES;
				CLANG_WARN_INFINITE_RECURSION = YES;
				CLANG_WARN_INT_CONVERSION = YES;
				CLANG_WARN_NON_LITERAL_NULL_CONVERSION = YES;
				CLANG_WARN_OBJC_IMPLICIT_RETAIN_SELF = YES;
				CLANG_WARN_OBJC_LITERAL_CONVERSION = YES;
				CLANG_WARN_OBJC_ROOT_CLASS = YES_ERROR;
				CLANG_WARN_QUOTED_INCLUDE_IN_FRAMEWORK_HEADER = YES;
				CLANG_WARN_RANGE_LOOP_ANALYSIS = YES;
				CLANG_WARN_STRICT_PROTOTYPES = YES;
				CLANG_WARN_SUSPICIOUS_MOVE = YES;
				CLANG_WARN_UNGUARDED_AVAILABILITY = YES_AGGRESSIVE;
				CLANG_WARN_UNREACHABLE_CODE = YES;
				CLANG_WARN__DUPLICATE_METHOD_MATCH = YES;
				COPY_PHASE_STRIP = NO;
				DEBUG_INFORMATION_FORMAT = "dwarf-with-dsym";
				ENABLE_NS_ASSERTIONS = NO;
				ENABLE_STRICT_OBJC_MSGSEND = YES;
				GCC_C_LANGUAGE_STANDARD = gnu11;
				GCC_NO_COMMON_BLOCKS = YES;
				GCC_WARN_64_TO_32_BIT_CONVERSION = YES;
				GCC_WARN_ABOUT_RETURN_TYPE = YES_ERROR;
				GCC_WARN_UNDECLARED_SELECTOR = YES;
				GCC_WARN_UNINITIALIZED_AUTOS = YES_AGGRESSIVE;
				GCC_WARN_UNUSED_FUNCTION = YES;
				GCC_WARN_UNUSED_VARIABLE = YES;
				IPHONEOS_DEPLOYMENT_TARGET = 15.5;
				MTL_ENABLE_DEBUG_INFO = NO;
				MTL_FAST_MATH = YES;
				SDKROOT = iphoneos;
				SWIFT_COMPILATION_MODE = wholemodule;
				SWIFT_OPTIMIZATION_LEVEL = "-O";
				VALIDATE_PRODUCT = YES;
			};
			name = Release;
		};
		60A5FC6A287F82D900E8507D /* Debug */ = {
			isa = XCBuildConfiguration;
			buildSettings = {
				ASSETCATALOG_COMPILER_APPICON_NAME = AppIcon;
				ASSETCATALOG_COMPILER_GLOBAL_ACCENT_COLOR_NAME = AccentColor;
				CODE_SIGN_STYLE = Automatic;
				CURRENT_PROJECT_VERSION = 1;
				DEVELOPMENT_TEAM = R2HYM77JZB;
				GENERATE_INFOPLIST_FILE = YES;
				INFOPLIST_FILE = Sumarin/Info.plist;
				INFOPLIST_KEY_CFBundleDisplayName = Sumarin;
				INFOPLIST_KEY_UIApplicationSupportsIndirectInputEvents = YES;
				INFOPLIST_KEY_UILaunchStoryboardName = LaunchScreen;
				INFOPLIST_KEY_UIMainStoryboardFile = Main;
				INFOPLIST_KEY_UIStatusBarHidden = NO;
				INFOPLIST_KEY_UISupportedInterfaceOrientations = "";
				INFOPLIST_KEY_UISupportedInterfaceOrientations_iPad = "UIInterfaceOrientationPortrait UIInterfaceOrientationPortraitUpsideDown UIInterfaceOrientationLandscapeLeft UIInterfaceOrientationLandscapeRight";
				INFOPLIST_KEY_UISupportedInterfaceOrientations_iPhone = "UIInterfaceOrientationPortrait UIInterfaceOrientationLandscapeLeft UIInterfaceOrientationLandscapeRight";
				IPHONEOS_DEPLOYMENT_TARGET = 13.5;
				LD_RUNPATH_SEARCH_PATHS = (
					"$(inherited)",
					"@executable_path/Frameworks",
				);
				MARKETING_VERSION = 1.0;
				PRODUCT_BUNDLE_IDENTIFIER = com.burakaltunoluk.sumarin.Sumarin;
				PRODUCT_NAME = "$(TARGET_NAME)";
				SWIFT_EMIT_LOC_STRINGS = YES;
				SWIFT_VERSION = 5.0;
				TARGETED_DEVICE_FAMILY = "1,2";
			};
			name = Debug;
		};
		60A5FC6B287F82D900E8507D /* Release */ = {
			isa = XCBuildConfiguration;
			buildSettings = {
				ASSETCATALOG_COMPILER_APPICON_NAME = AppIcon;
				ASSETCATALOG_COMPILER_GLOBAL_ACCENT_COLOR_NAME = AccentColor;
				CODE_SIGN_STYLE = Automatic;
				CURRENT_PROJECT_VERSION = 1;
				DEVELOPMENT_TEAM = R2HYM77JZB;
				GENERATE_INFOPLIST_FILE = YES;
				INFOPLIST_FILE = Sumarin/Info.plist;
				INFOPLIST_KEY_CFBundleDisplayName = Sumarin;
				INFOPLIST_KEY_UIApplicationSupportsIndirectInputEvents = YES;
				INFOPLIST_KEY_UILaunchStoryboardName = LaunchScreen;
				INFOPLIST_KEY_UIMainStoryboardFile = Main;
				INFOPLIST_KEY_UIStatusBarHidden = NO;
				INFOPLIST_KEY_UISupportedInterfaceOrientations = "";
				INFOPLIST_KEY_UISupportedInterfaceOrientations_iPad = "UIInterfaceOrientationPortrait UIInterfaceOrientationPortraitUpsideDown UIInterfaceOrientationLandscapeLeft UIInterfaceOrientationLandscapeRight";
				INFOPLIST_KEY_UISupportedInterfaceOrientations_iPhone = "UIInterfaceOrientationPortrait UIInterfaceOrientationLandscapeLeft UIInterfaceOrientationLandscapeRight";
				IPHONEOS_DEPLOYMENT_TARGET = 13.5;
				LD_RUNPATH_SEARCH_PATHS = (
					"$(inherited)",
					"@executable_path/Frameworks",
				);
				MARKETING_VERSION = 1.0;
				PRODUCT_BUNDLE_IDENTIFIER = com.burakaltunoluk.sumarin.Sumarin;
				PRODUCT_NAME = "$(TARGET_NAME)";
				SWIFT_EMIT_LOC_STRINGS = YES;
				SWIFT_VERSION = 5.0;
				TARGETED_DEVICE_FAMILY = "1,2";
			};
			name = Release;
		};
/* End XCBuildConfiguration section */

/* Begin XCConfigurationList section */
		60A5FC50287F82D600E8507D /* Build configuration list for PBXProject "Sumarin" */ = {
			isa = XCConfigurationList;
			buildConfigurations = (
				60A5FC67287F82D900E8507D /* Debug */,
				60A5FC68287F82D900E8507D /* Release */,
			);
			defaultConfigurationIsVisible = 0;
			defaultConfigurationName = Release;
		};
		60A5FC69287F82D900E8507D /* Build configuration list for PBXNativeTarget "Sumarin" */ = {
			isa = XCConfigurationList;
			buildConfigurations = (
				60A5FC6A287F82D900E8507D /* Debug */,
				60A5FC6B287F82D900E8507D /* Release */,
			);
			defaultConfigurationIsVisible = 0;
			defaultConfigurationName = Release;
		};
/* End XCConfigurationList section */
	};
	rootObject = 60A5FC4D287F82D600E8507D /* Project object */;
}
